
Microsoft Visual Studio Solution File, Format Version 12.00
# Visual Studio Version 16
VisualStudioVersion = 16.0.31321.278
MinimumVisualStudioVersion = 10.0.40219.1
Project("{FAE04EC0-301F-11D3-BF4B-00C04F79EFBC}") = "vosmerochka_ry", "vosmerochka_ry\vosmerochka_ry.csproj", "{67F24123-8CD9-4CCD-80BB-2CECBC721DFA}"
EndProject
Global
	GlobalSection(SolutionConfigurationPlatforms) = preSolution
		Debug|Any CPU = Debug|Any CPU
		Release|Any CPU = Release|Any CPU
	EndGlobalSection
	GlobalSection(ProjectConfigurationPlatforms) = postSolution
		{67F24123-8CD9-4CCD-80BB-2CECBC721DFA}.Debug|Any CPU.ActiveCfg = Debug|Any CPU
		{67F24123-8CD9-4CCD-80BB-2CECBC721DFA}.Debug|Any CPU.Build.0 = Debug|Any CPU
		{67F24123-8CD9-4CCD-80BB-2CECBC721DFA}.Release|Any CPU.ActiveCfg = Release|Any CPU
		{67F24123-8CD9-4CCD-80BB-2CECBC721DFA}.Release|Any CPU.Build.0 = Release|Any CPU
	EndGlobalSection
	GlobalSection(SolutionProperties) = preSolution
		HideSolutionNode = FALSE
	EndGlobalSection
	GlobalSection(ExtensibilityGlobals) = postSolution
		SolutionGuid = {DE7D5EF2-4D8B-4AC2-8F12-49A5FE25C0CF}
	EndGlobalSection
EndGlobal
